Microsoft Visual Studio Solution File, Format Version 12.00
# Visual Studio 2012
Project("{FAE04EC0-301F-11D3-BF4B-00C04F79EFBC}") = "Lunchboxland", "Lunchboxland.csproj", "{42D69770-A556-4F4F-8C92-8368C1808482}"
EndProject
Global
	GlobalSection(SolutionConfigurationPlatforms) = preSolution
	Debug|Any CPU = Debug|Any CPU
	ExportDebug|Any CPU = ExportDebug|Any CPU
	ExportRelease|Any CPU = ExportRelease|Any CPU
	EndGlobalSection
	GlobalSection(ProjectConfigurationPlatforms) = postSolution
		{42D69770-A556-4F4F-8C92-8368C1808482}.Debug|Any CPU.ActiveCfg = Debug|Any CPU
		{42D69770-A556-4F4F-8C92-8368C1808482}.Debug|Any CPU.Build.0 = Debug|Any CPU
		{42D69770-A556-4F4F-8C92-8368C1808482}.ExportDebug|Any CPU.ActiveCfg = ExportDebug|Any CPU
		{42D69770-A556-4F4F-8C92-8368C1808482}.ExportDebug|Any CPU.Build.0 = ExportDebug|Any CPU
		{42D69770-A556-4F4F-8C92-8368C1808482}.ExportRelease|Any CPU.ActiveCfg = ExportRelease|Any CPU
		{42D69770-A556-4F4F-8C92-8368C1808482}.ExportRelease|Any CPU.Build.0 = ExportRelease|Any CPU
	EndGlobalSection
EndGlobal
